// !$*UTF8*$!
{
	archiveVersion = 1;
	classes = {
	};
	objectVersion = 46;
	objects = {

/* Begin PBXAggregateTarget section */
		443576C9244CDD3900669EEB /* Prepare Release */ = {
			isa = PBXAggregateTarget;
			buildConfigurationList = 443576CA244CDD3900669EEB /* Build configuration list for PBXAggregateTarget "Prepare Release" */;
			buildPhases = (
				443576CD244CDD4200669EEB /* Increment Build Number */,
			);
			dependencies = (
			);
			name = "Prepare Release";
			productName = "Prepare Release";
		};
/* End PBXAggregateTarget section */

/* Begin PBXBuildFile section */
		443576C2244CC28F00669EEB /* TabBarController.m in Sources */ = {isa = PBXBuildFile; fileRef = 443576C1244CC28F00669EEB /* TabBarController.m */; };
		443576C8244CDC3800669EEB /* AboutViewController.m in Sources */ = {isa = PBXBuildFile; fileRef = 443576C7244CDC3800669EEB /* AboutViewController.m */; };
		443576D22450AA7D00669EEB /* HeaderView.m in Sources */ = {isa = PBXBuildFile; fileRef = 443576D12450AA7D00669EEB /* HeaderView.m */; };
		443576D52450AE4200669EEB /* HelpViewController.m in Sources */ = {isa = PBXBuildFile; fileRef = 443576D42450AE4200669EEB /* HelpViewController.m */; };
		443576DE2450AFA200669EEB /* NSAttributedString+Markdown.m in Sources */ = {isa = PBXBuildFile; fileRef = 443576DD2450AFA200669EEB /* NSAttributedString+Markdown.m */; };
		449C16822450B1D90070226F /* Help.md in Resources */ = {isa = PBXBuildFile; fileRef = 449C16812450B1D90070226F /* Help.md */; };
		44A20B042447DC4100BF15DA /* FontInfo.m in Sources */ = {isa = PBXBuildFile; fileRef = 44A20B032447DC4100BF15DA /* FontInfo.m */; };
		44C12221244A8F3F00DD9481 /* NavigationController.m in Sources */ = {isa = PBXBuildFile; fileRef = 44C12220244A8F3F00DD9481 /* NavigationController.m */; };
		44DDE6332457D40100AD7F8F /* Launch Screen.storyboard in Resources */ = {isa = PBXBuildFile; fileRef = 44DDE6312457D40100AD7F8F /* Launch Screen.storyboard */; };
		44F6282D244B7EE300C8BBD7 /* DetailViewController.m in Sources */ = {isa = PBXBuildFile; fileRef = 44F6282C244B7EE300C8BBD7 /* DetailViewController.m */; };
		9309F3511E4917B2002F2AB7 /* DDData.m in Sources */ = {isa = PBXBuildFile; fileRef = 9309F2FB1E4917B1002F2AB7 /* DDData.m */; };
		9309F3521E4917B2002F2AB7 /* DDNumber.m in Sources */ = {isa = PBXBuildFile; fileRef = 9309F2FD1E4917B1002F2AB7 /* DDNumber.m */; };
		9309F3531E4917B2002F2AB7 /* DDRange.m in Sources */ = {isa = PBXBuildFile; fileRef = 9309F2FF1E4917B1002F2AB7 /* DDRange.m */; };
		9309F3541E4917B2002F2AB7 /* HTTPAuthenticationRequest.m in Sources */ = {isa = PBXBuildFile; fileRef = 9309F3011E4917B1002F2AB7 /* HTTPAuthenticationRequest.m */; };
		9309F3551E4917B2002F2AB7 /* HTTPConnection.m in Sources */ = {isa = PBXBuildFile; fileRef = 9309F3031E4917B1002F2AB7 /* HTTPConnection.m */; };
		9309F3561E4917B2002F2AB7 /* HTTPMessage.m in Sources */ = {isa = PBXBuildFile; fileRef = 9309F3061E4917B1002F2AB7 /* HTTPMessage.m */; };
		9309F3571E4917B2002F2AB7 /* HTTPServer.m in Sources */ = {isa = PBXBuildFile; fileRef = 9309F3091E4917B1002F2AB7 /* HTTPServer.m */; };
		9309F3581E4917B2002F2AB7 /* MultipartFormDataParser.m in Sources */ = {isa = PBXBuildFile; fileRef = 9309F30C1E4917B1002F2AB7 /* MultipartFormDataParser.m */; };
		9309F3591E4917B2002F2AB7 /* MultipartMessageHeader.m in Sources */ = {isa = PBXBuildFile; fileRef = 9309F30E1E4917B1002F2AB7 /* MultipartMessageHeader.m */; };
		9309F35A1E4917B2002F2AB7 /* MultipartMessageHeaderField.m in Sources */ = {isa = PBXBuildFile; fileRef = 9309F3101E4917B1002F2AB7 /* MultipartMessageHeaderField.m */; };
		9309F35B1E4917B2002F2AB7 /* HTTPAsyncFileResponse.m in Sources */ = {isa = PBXBuildFile; fileRef = 9309F3131E4917B1002F2AB7 /* HTTPAsyncFileResponse.m */; };
		9309F35C1E4917B2002F2AB7 /* HTTPDataResponse.m in Sources */ = {isa = PBXBuildFile; fileRef = 9309F3151E4917B1002F2AB7 /* HTTPDataResponse.m */; };
		9309F35D1E4917B2002F2AB7 /* HTTPDynamicFileResponse.m in Sources */ = {isa = PBXBuildFile; fileRef = 9309F3171E4917B1002F2AB7 /* HTTPDynamicFileResponse.m */; };
		9309F35E1E4917B2002F2AB7 /* HTTPErrorResponse.m in Sources */ = {isa = PBXBuildFile; fileRef = 9309F3191E4917B1002F2AB7 /* HTTPErrorResponse.m */; };
		9309F35F1E4917B2002F2AB7 /* HTTPFileResponse.m in Sources */ = {isa = PBXBuildFile; fileRef = 9309F31B1E4917B1002F2AB7 /* HTTPFileResponse.m */; };
		9309F3601E4917B2002F2AB7 /* HTTPRedirectResponse.m in Sources */ = {isa = PBXBuildFile; fileRef = 9309F31D1E4917B1002F2AB7 /* HTTPRedirectResponse.m */; };
		9309F3611E4917B2002F2AB7 /* WebSocket.m in Sources */ = {isa = PBXBuildFile; fileRef = 9309F31F1E4917B1002F2AB7 /* WebSocket.m */; };
		9309F3691E4917B2002F2AB7 /* GCDAsyncSocket.m in Sources */ = {isa = PBXBuildFile; fileRef = 9309F3301E4917B2002F2AB7 /* GCDAsyncSocket.m */; };
		9309F36B1E4917B2002F2AB7 /* DDAbstractDatabaseLogger.m in Sources */ = {isa = PBXBuildFile; fileRef = 9309F3341E4917B2002F2AB7 /* DDAbstractDatabaseLogger.m */; };
		9309F36C1E4917B2002F2AB7 /* DDASLLogger.m in Sources */ = {isa = PBXBuildFile; fileRef = 9309F3361E4917B2002F2AB7 /* DDASLLogger.m */; };
		9309F36D1E4917B2002F2AB7 /* DDFileLogger.m in Sources */ = {isa = PBXBuildFile; fileRef = 9309F3381E4917B2002F2AB7 /* DDFileLogger.m */; };
		9309F36E1E4917B2002F2AB7 /* DDLog.m in Sources */ = {isa = PBXBuildFile; fileRef = 9309F33A1E4917B2002F2AB7 /* DDLog.m */; };
		9309F36F1E4917B2002F2AB7 /* DDTTYLogger.m in Sources */ = {isa = PBXBuildFile; fileRef = 9309F33C1E4917B2002F2AB7 /* DDTTYLogger.m */; };
		9309F3701E4917B2002F2AB7 /* ContextFilterLogFormatter.m in Sources */ = {isa = PBXBuildFile; fileRef = 9309F33F1E4917B2002F2AB7 /* ContextFilterLogFormatter.m */; };
		9309F3711E4917B2002F2AB7 /* DispatchQueueLogFormatter.m in Sources */ = {isa = PBXBuildFile; fileRef = 9309F3411E4917B2002F2AB7 /* DispatchQueueLogFormatter.m */; };
		9309F3731E4917B2002F2AB7 /* HTTPResponseProxy.m in Sources */ = {isa = PBXBuildFile; fileRef = 9309F3441E4917B2002F2AB7 /* HTTPResponseProxy.m */; };
		9309F3761E4917B2002F2AB7 /* Route.m in Sources */ = {isa = PBXBuildFile; fileRef = 9309F3481E4917B2002F2AB7 /* Route.m */; };
		9309F3771E4917B2002F2AB7 /* RouteRequest.m in Sources */ = {isa = PBXBuildFile; fileRef = 9309F34A1E4917B2002F2AB7 /* RouteRequest.m */; };
		9309F3781E4917B2002F2AB7 /* RouteResponse.m in Sources */ = {isa = PBXBuildFile; fileRef = 9309F34C1E4917B2002F2AB7 /* RouteResponse.m */; };
		9309F3791E4917B2002F2AB7 /* RoutingConnection.m in Sources */ = {isa = PBXBuildFile; fileRef = 9309F34E1E4917B2002F2AB7 /* RoutingConnection.m */; };
		9309F37A1E4917B2002F2AB7 /* RoutingHTTPServer.m in Sources */ = {isa = PBXBuildFile; fileRef = 9309F3501E4917B2002F2AB7 /* RoutingHTTPServer.m */; };
		93320FD61E4EACCC0045C38C /* index.html in Resources */ = {isa = PBXBuildFile; fileRef = 93320FD51E4EACCB0045C38C /* index.html */; };
		93AE4C6D1E42C44B00D19E41 /* main.m in Sources */ = {isa = PBXBuildFile; fileRef = 93AE4C6C1E42C44B00D19E41 /* main.m */; };
		93AE4C701E42C44B00D19E41 /* AppDelegate.m in Sources */ = {isa = PBXBuildFile; fileRef = 93AE4C6F1E42C44B00D19E41 /* AppDelegate.m */; };
		93AE4C731E42C44B00D19E41 /* ViewController.m in Sources */ = {isa = PBXBuildFile; fileRef = 93AE4C721E42C44B00D19E41 /* ViewController.m */; };
		93AE4C761E42C44B00D19E41 /* Main.storyboard in Resources */ = {isa = PBXBuildFile; fileRef = 93AE4C741E42C44B00D19E41 /* Main.storyboard */; };
		93AE4C781E42C44B00D19E41 /* Assets.xcassets in Resources */ = {isa = PBXBuildFile; fileRef = 93AE4C771E42C44B00D19E41 /* Assets.xcassets */; };
/* End PBXBuildFile section */

/* Begin PBXContainerItemProxy section */
		443576CE244CDD7800669EEB /* PBXContainerItemProxy */ = {
			isa = PBXContainerItemProxy;
			containerPortal = 93AE4C601E42C44B00D19E41 /* Project object */;
			proxyType = 1;
			remoteGlobalIDString = 443576C9244CDD3900669EEB;
			remoteInfo = "Prepare Release";
		};
/* End PBXContainerItemProxy section */

/* Begin PBXFileReference section */
		443576C0244CC28F00669EEB /* TabBarController.h */ = {isa = PBXFileReference; lastKnownFileType = sourcecode.c.h; path = TabBarController.h; sourceTree = "<group>"; };
		443576C1244CC28F00669EEB /* TabBarController.m */ = {isa = PBXFileReference; lastKnownFileType = sourcecode.c.objc; path = TabBarController.m; sourceTree = "<group>"; };
		443576C6244CDC3800669EEB /* AboutViewController.h */ = {isa = PBXFileReference; lastKnownFileType = sourcecode.c.h; path = AboutViewController.h; sourceTree = "<group>"; };
		443576C7244CDC3800669EEB /* AboutViewController.m */ = {isa = PBXFileReference; lastKnownFileType = sourcecode.c.objc; path = AboutViewController.m; sourceTree = "<group>"; };
		443576D02450AA7D00669EEB /* HeaderView.h */ = {isa = PBXFileReference; lastKnownFileType = sourcecode.c.h; name = HeaderView.h; path = xFonts/HeaderView.h; sourceTree = SOURCE_ROOT; };
		443576D12450AA7D00669EEB /* HeaderView.m */ = {isa = PBXFileReference; lastKnownFileType = sourcecode.c.objc; name = HeaderView.m; path = xFonts/HeaderView.m; sourceTree = SOURCE_ROOT; };
		443576D32450AE4200669EEB /* HelpViewController.h */ = {isa = PBXFileReference; lastKnownFileType = sourcecode.c.h; path = HelpViewController.h; sourceTree = "<group>"; };
		443576D42450AE4200669EEB /* HelpViewController.m */ = {isa = PBXFileReference; lastKnownFileType = sourcecode.c.objc; path = HelpViewController.m; sourceTree = "<group>"; };
		443576DC2450AFA200669EEB /* NSAttributedString+Markdown.h */ = {isa = PBXFileReference; fileEncoding = 4; lastKnownFileType = sourcecode.c.h; path = "NSAttributedString+Markdown.h"; sourceTree = "<group>"; };
		443576DD2450AFA200669EEB /* NSAttributedString+Markdown.m */ = {isa = PBXFileReference; fileEncoding = 4; lastKnownFileType = sourcecode.c.objc; path = "NSAttributedString+Markdown.m"; sourceTree = "<group>"; };
		449C16812450B1D90070226F /* Help.md */ = {isa = PBXFileReference; lastKnownFileType = net.daringfireball.markdown; path = Help.md; sourceTree = "<group>"; };
		44A20B022447DC4100BF15DA /* FontInfo.h */ = {isa = PBXFileReference; lastKnownFileType = sourcecode.c.h; path = FontInfo.h; sourceTree = "<group>"; };
		44A20B032447DC4100BF15DA /* FontInfo.m */ = {isa = PBXFileReference; lastKnownFileType = sourcecode.c.objc; path = FontInfo.m; sourceTree = "<group>"; };
		44C1221F244A8F3F00DD9481 /* NavigationController.h */ = {isa = PBXFileReference; lastKnownFileType = sourcecode.c.h; path = NavigationController.h; sourceTree = "<group>"; };
		44C12220244A8F3F00DD9481 /* NavigationController.m */ = {isa = PBXFileReference; lastKnownFileType = sourcecode.c.objc; path = NavigationController.m; sourceTree = "<group>"; };
		44D14CC224843725007E8BD9 /* Metadata.txt */ = {isa = PBXFileReference; lastKnownFileType = text; path = Metadata.txt; sourceTree = "<group>"; };
		44D14CC524843C89007E8BD9 /* 2.png */ = {isa = PBXFileReference; lastKnownFileType = image.png; path = 2.png; sourceTree = "<group>"; };
		44D14CC624843C89007E8BD9 /* 3.png */ = {isa = PBXFileReference; lastKnownFileType = image.png; path = 3.png; sourceTree = "<group>"; };
		44D14CC724843C89007E8BD9 /* 1.png */ = {isa = PBXFileReference; lastKnownFileType = image.png; path = 1.png; sourceTree = "<group>"; };
		44D14CC924843C89007E8BD9 /* 2.png */ = {isa = PBXFileReference; lastKnownFileType = image.png; path = 2.png; sourceTree = "<group>"; };
		44D14CCA24843C89007E8BD9 /* 3.png */ = {isa = PBXFileReference; lastKnownFileType = image.png; path = 3.png; sourceTree = "<group>"; };
		44D14CCB24843C89007E8BD9 /* 1.png */ = {isa = PBXFileReference; lastKnownFileType = image.png; path = 1.png; sourceTree = "<group>"; };
		44D14CCD24843C89007E8BD9 /* 2.png */ = {isa = PBXFileReference; lastKnownFileType = image.png; path = 2.png; sourceTree = "<group>"; };
		44D14CCE24843C89007E8BD9 /* 3.png */ = {isa = PBXFileReference; lastKnownFileType = image.png; path = 3.png; sourceTree = "<group>"; };
		44D14CCF24843C89007E8BD9 /* 1.png */ = {isa = PBXFileReference; lastKnownFileType = image.png; path = 1.png; sourceTree = "<group>"; };
		44DDE6322457D40100AD7F8F /* Base */ = {isa = PBXFileReference; lastKnownFileType = file.storyboard; name = Base; path = "xFonts/Base.lproj/Launch Screen.storyboard"; sourceTree = "<group>"; };
		44DDE6342458CFB200AD7F8F /* README.md */ = {isa = PBXFileReference; lastKnownFileType = net.daringfireball.markdown; path = README.md; sourceTree = "<group>"; };
		44F6282B244B7EE300C8BBD7 /* DetailViewController.h */ = {isa = PBXFileReference; lastKnownFileType = sourcecode.c.h; path = DetailViewController.h; sourceTree = "<group>"; };
		44F6282C244B7EE300C8BBD7 /* DetailViewController.m */ = {isa = PBXFileReference; lastKnownFileType = sourcecode.c.objc; path = DetailViewController.m; sourceTree = "<group>"; };
		9309F2FA1E4917B1002F2AB7 /* DDData.h */ = {isa = PBXFileReference; fileEncoding = 4; lastKnownFileType = sourcecode.c.h; path = DDData.h; sourceTree = "<group>"; };
		9309F2FB1E4917B1002F2AB7 /* DDData.m */ = {isa = PBXFileReference; fileEncoding = 4; lastKnownFileType = sourcecode.c.objc; path = DDData.m; sourceTree = "<group>"; };
		9309F2FC1E4917B1002F2AB7 /* DDNumber.h */ = {isa = PBXFileReference; fileEncoding = 4; lastKnownFileType = sourcecode.c.h; path = DDNumber.h; sourceTree = "<group>"; };
		9309F2FD1E4917B1002F2AB7 /* DDNumber.m */ = {isa = PBXFileReference; fileEncoding = 4; lastKnownFileType = sourcecode.c.objc; path = DDNumber.m; sourceTree = "<group>"; };
		9309F2FE1E4917B1002F2AB7 /* DDRange.h */ = {isa = PBXFileReference; fileEncoding = 4; lastKnownFileType = sourcecode.c.h; path = DDRange.h; sourceTree = "<group>"; };
		9309F2FF1E4917B1002F2AB7 /* DDRange.m */ = {isa = PBXFileReference; fileEncoding = 4; lastKnownFileType = sourcecode.c.objc; path = DDRange.m; sourceTree = "<group>"; };
		9309F3001E4917B1002F2AB7 /* HTTPAuthenticationRequest.h */ = {isa = PBXFileReference; fileEncoding = 4; lastKnownFileType = sourcecode.c.h; path = HTTPAuthenticationRequest.h; sourceTree = "<group>"; };
		9309F3011E4917B1002F2AB7 /* HTTPAuthenticationRequest.m */ = {isa = PBXFileReference; fileEncoding = 4; lastKnownFileType = sourcecode.c.objc; path = HTTPAuthenticationRequest.m; sourceTree = "<group>"; };
		9309F3021E4917B1002F2AB7 /* HTTPConnection.h */ = {isa = PBXFileReference; fileEncoding = 4; lastKnownFileType = sourcecode.c.h; path = HTTPConnection.h; sourceTree = "<group>"; };
		9309F3031E4917B1002F2AB7 /* HTTPConnection.m */ = {isa = PBXFileReference; fileEncoding = 4; lastKnownFileType = sourcecode.c.objc; path = HTTPConnection.m; sourceTree = "<group>"; };
		9309F3041E4917B1002F2AB7 /* HTTPLogging.h */ = {isa = PBXFileReference; fileEncoding = 4; lastKnownFileType = sourcecode.c.h; path = HTTPLogging.h; sourceTree = "<group>"; };
		9309F3051E4917B1002F2AB7 /* HTTPMessage.h */ = {isa = PBXFileReference; fileEncoding = 4; lastKnownFileType = sourcecode.c.h; path = HTTPMessage.h; sourceTree = "<group>"; };
		9309F3061E4917B1002F2AB7 /* HTTPMessage.m */ = {isa = PBXFileReference; fileEncoding = 4; lastKnownFileType = sourcecode.c.objc; path = HTTPMessage.m; sourceTree = "<group>"; };
		9309F3071E4917B1002F2AB7 /* HTTPResponse.h */ = {isa = PBXFileReference; fileEncoding = 4; lastKnownFileType = sourcecode.c.h; path = HTTPResponse.h; sourceTree = "<group>"; };
		9309F3081E4917B1002F2AB7 /* HTTPServer.h */ = {isa = PBXFileReference; fileEncoding = 4; lastKnownFileType = sourcecode.c.h; path = HTTPServer.h; sourceTree = "<group>"; };
		9309F3091E4917B1002F2AB7 /* HTTPServer.m */ = {isa = PBXFileReference; fileEncoding = 4; lastKnownFileType = sourcecode.c.objc; path = HTTPServer.m; sourceTree = "<group>"; };
		9309F30B1E4917B1002F2AB7 /* MultipartFormDataParser.h */ = {isa = PBXFileReference; fileEncoding = 4; lastKnownFileType = sourcecode.c.h; path = MultipartFormDataParser.h; sourceTree = "<group>"; };
		9309F30C1E4917B1002F2AB7 /* MultipartFormDataParser.m */ = {isa = PBXFileReference; fileEncoding = 4; lastKnownFileType = sourcecode.c.objc; path = MultipartFormDataParser.m; sourceTree = "<group>"; };
		9309F30D1E4917B1002F2AB7 /* MultipartMessageHeader.h */ = {isa = PBXFileReference; fileEncoding = 4; lastKnownFileType = sourcecode.c.h; path = MultipartMessageHeader.h; sourceTree = "<group>"; };
		9309F30E1E4917B1002F2AB7 /* MultipartMessageHeader.m */ = {isa = PBXFileReference; fileEncoding = 4; lastKnownFileType = sourcecode.c.objc; path = MultipartMessageHeader.m; sourceTree = "<group>"; };
		9309F30F1E4917B1002F2AB7 /* MultipartMessageHeaderField.h */ = {isa = PBXFileReference; fileEncoding = 4; lastKnownFileType = sourcecode.c.h; path = MultipartMessageHeaderField.h; sourceTree = "<group>"; };
		9309F3101E4917B1002F2AB7 /* MultipartMessageHeaderField.m */ = {isa = PBXFileReference; fileEncoding = 4; lastKnownFileType = sourcecode.c.objc; path = MultipartMessageHeaderField.m; sourceTree = "<group>"; };
		9309F3121E4917B1002F2AB7 /* HTTPAsyncFileResponse.h */ = {isa = PBXFileReference; fileEncoding = 4; lastKnownFileType = sourcecode.c.h; path = HTTPAsyncFileResponse.h; sourceTree = "<group>"; };
		9309F3131E4917B1002F2AB7 /* HTTPAsyncFileResponse.m */ = {isa = PBXFileReference; fileEncoding = 4; lastKnownFileType = sourcecode.c.objc; path = HTTPAsyncFileResponse.m; sourceTree = "<group>"; };
		9309F3141E4917B1002F2AB7 /* HTTPDataResponse.h */ = {isa = PBXFileReference; fileEncoding = 4; lastKnownFileType = sourcecode.c.h; path = HTTPDataResponse.h; sourceTree = "<group>"; };
		9309F3151E4917B1002F2AB7 /* HTTPDataResponse.m */ = {isa = PBXFileReference; fileEncoding = 4; lastKnownFileType = sourcecode.c.objc; path = HTTPDataResponse.m; sourceTree = "<group>"; };
		9309F3161E4917B1002F2AB7 /* HTTPDynamicFileResponse.h */ = {isa = PBXFileReference; fileEncoding = 4; lastKnownFileType = sourcecode.c.h; path = HTTPDynamicFileResponse.h; sourceTree = "<group>"; };
		9309F3171E4917B1002F2AB7 /* HTTPDynamicFileResponse.m */ = {isa = PBXFileReference; fileEncoding = 4; lastKnownFileType = sourcecode.c.objc; path = HTTPDynamicFileResponse.m; sourceTree = "<group>"; };
		9309F3181E4917B1002F2AB7 /* HTTPErrorResponse.h */ = {isa = PBXFileReference; fileEncoding = 4; lastKnownFileType = sourcecode.c.h; path = HTTPErrorResponse.h; sourceTree = "<group>"; };
		9309F3191E4917B1002F2AB7 /* HTTPErrorResponse.m */ = {isa = PBXFileReference; fileEncoding = 4; lastKnownFileType = sourcecode.c.objc; path = HTTPErrorResponse.m; sourceTree = "<group>"; };
		9309F31A1E4917B1002F2AB7 /* HTTPFileResponse.h */ = {isa = PBXFileReference; fileEncoding = 4; lastKnownFileType = sourcecode.c.h; path = HTTPFileResponse.h; sourceTree = "<group>"; };
		9309F31B1E4917B1002F2AB7 /* HTTPFileResponse.m */ = {isa = PBXFileReference; fileEncoding = 4; lastKnownFileType = sourcecode.c.objc; path = HTTPFileResponse.m; sourceTree = "<group>"; };
		9309F31C1E4917B1002F2AB7 /* HTTPRedirectResponse.h */ = {isa = PBXFileReference; fileEncoding = 4; lastKnownFileType = sourcecode.c.h; path = HTTPRedirectResponse.h; sourceTree = "<group>"; };
		9309F31D1E4917B1002F2AB7 /* HTTPRedirectResponse.m */ = {isa = PBXFileReference; fileEncoding = 4; lastKnownFileType = sourcecode.c.objc; path = HTTPRedirectResponse.m; sourceTree = "<group>"; };
		9309F31E1E4917B1002F2AB7 /* WebSocket.h */ = {isa = PBXFileReference; fileEncoding = 4; lastKnownFileType = sourcecode.c.h; path = WebSocket.h; sourceTree = "<group>"; };
		9309F31F1E4917B1002F2AB7 /* WebSocket.m */ = {isa = PBXFileReference; fileEncoding = 4; lastKnownFileType = sourcecode.c.objc; path = WebSocket.m; sourceTree = "<group>"; };
		9309F32F1E4917B2002F2AB7 /* GCDAsyncSocket.h */ = {isa = PBXFileReference; fileEncoding = 4; lastKnownFileType = sourcecode.c.h; path = GCDAsyncSocket.h; sourceTree = "<group>"; };
		9309F3301E4917B2002F2AB7 /* GCDAsyncSocket.m */ = {isa = PBXFileReference; fileEncoding = 4; lastKnownFileType = sourcecode.c.objc; path = GCDAsyncSocket.m; sourceTree = "<group>"; };
		9309F3331E4917B2002F2AB7 /* DDAbstractDatabaseLogger.h */ = {isa = PBXFileReference; fileEncoding = 4; lastKnownFileType = sourcecode.c.h; path = DDAbstractDatabaseLogger.h; sourceTree = "<group>"; };
		9309F3341E4917B2002F2AB7 /* DDAbstractDatabaseLogger.m */ = {isa = PBXFileReference; fileEncoding = 4; lastKnownFileType = sourcecode.c.objc; path = DDAbstractDatabaseLogger.m; sourceTree = "<group>"; };
		9309F3351E4917B2002F2AB7 /* DDASLLogger.h */ = {isa = PBXFileReference; fileEncoding = 4; lastKnownFileType = sourcecode.c.h; path = DDASLLogger.h; sourceTree = "<group>"; };
		9309F3361E4917B2002F2AB7 /* DDASLLogger.m */ = {isa = PBXFileReference; fileEncoding = 4; lastKnownFileType = sourcecode.c.objc; path = DDASLLogger.m; sourceTree = "<group>"; };
		9309F3371E4917B2002F2AB7 /* DDFileLogger.h */ = {isa = PBXFileReference; fileEncoding = 4; lastKnownFileType = sourcecode.c.h; path = DDFileLogger.h; sourceTree = "<group>"; };
		9309F3381E4917B2002F2AB7 /* DDFileLogger.m */ = {isa = PBXFileReference; fileEncoding = 4; lastKnownFileType = sourcecode.c.objc; path = DDFileLogger.m; sourceTree = "<group>"; };
		9309F3391E4917B2002F2AB7 /* DDLog.h */ = {isa = PBXFileReference; fileEncoding = 4; lastKnownFileType = sourcecode.c.h; path = DDLog.h; sourceTree = "<group>"; };
		9309F33A1E4917B2002F2AB7 /* DDLog.m */ = {isa = PBXFileReference; fileEncoding = 4; lastKnownFileType = sourcecode.c.objc; path = DDLog.m; sourceTree = "<group>"; };
		9309F33B1E4917B2002F2AB7 /* DDTTYLogger.h */ = {isa = PBXFileReference; fileEncoding = 4; lastKnownFileType = sourcecode.c.h; path = DDTTYLogger.h; sourceTree = "<group>"; };
		9309F33C1E4917B2002F2AB7 /* DDTTYLogger.m */ = {isa = PBXFileReference; fileEncoding = 4; lastKnownFileType = sourcecode.c.objc; path = DDTTYLogger.m; sourceTree = "<group>"; };
		9309F33E1E4917B2002F2AB7 /* ContextFilterLogFormatter.h */ = {isa = PBXFileReference; fileEncoding = 4; lastKnownFileType = sourcecode.c.h; path = ContextFilterLogFormatter.h; sourceTree = "<group>"; };
		9309F33F1E4917B2002F2AB7 /* ContextFilterLogFormatter.m */ = {isa = PBXFileReference; fileEncoding = 4; lastKnownFileType = sourcecode.c.objc; path = ContextFilterLogFormatter.m; sourceTree = "<group>"; };
		9309F3401E4917B2002F2AB7 /* DispatchQueueLogFormatter.h */ = {isa = PBXFileReference; fileEncoding = 4; lastKnownFileType = sourcecode.c.h; path = DispatchQueueLogFormatter.h; sourceTree = "<group>"; };
		9309F3411E4917B2002F2AB7 /* DispatchQueueLogFormatter.m */ = {isa = PBXFileReference; fileEncoding = 4; lastKnownFileType = sourcecode.c.objc; path = DispatchQueueLogFormatter.m; sourceTree = "<group>"; };
		9309F3431E4917B2002F2AB7 /* HTTPResponseProxy.h */ = {isa = PBXFileReference; fileEncoding = 4; lastKnownFileType = sourcecode.c.h; path = HTTPResponseProxy.h; sourceTree = "<group>"; };
		9309F3441E4917B2002F2AB7 /* HTTPResponseProxy.m */ = {isa = PBXFileReference; fileEncoding = 4; lastKnownFileType = sourcecode.c.objc; path = HTTPResponseProxy.m; sourceTree = "<group>"; };
		9309F3471E4917B2002F2AB7 /* Route.h */ = {isa = PBXFileReference; fileEncoding = 4; lastKnownFileType = sourcecode.c.h; path = Route.h; sourceTree = "<group>"; };
		9309F3481E4917B2002F2AB7 /* Route.m */ = {isa = PBXFileReference; fileEncoding = 4; lastKnownFileType = sourcecode.c.objc; path = Route.m; sourceTree = "<group>"; };
		9309F3491E4917B2002F2AB7 /* RouteRequest.h */ = {isa = PBXFileReference; fileEncoding = 4; lastKnownFileType = sourcecode.c.h; path = RouteRequest.h; sourceTree = "<group>"; };
		9309F34A1E4917B2002F2AB7 /* RouteRequest.m */ = {isa = PBXFileReference; fileEncoding = 4; lastKnownFileType = sourcecode.c.objc; path = RouteRequest.m; sourceTree = "<group>"; };
		9309F34B1E4917B2002F2AB7 /* RouteResponse.h */ = {isa = PBXFileReference; fileEncoding = 4; lastKnownFileType = sourcecode.c.h; path = RouteResponse.h; sourceTree = "<group>"; };
		9309F34C1E4917B2002F2AB7 /* RouteResponse.m */ = {isa = PBXFileReference; fileEncoding = 4; lastKnownFileType = sourcecode.c.objc; path = RouteResponse.m; sourceTree = "<group>"; };
		9309F34D1E4917B2002F2AB7 /* RoutingConnection.h */ = {isa = PBXFileReference; fileEncoding = 4; lastKnownFileType = sourcecode.c.h; path = RoutingConnection.h; sourceTree = "<group>"; };
		9309F34E1E4917B2002F2AB7 /* RoutingConnection.m */ = {isa = PBXFileReference; fileEncoding = 4; lastKnownFileType = sourcecode.c.objc; path = RoutingConnection.m; sourceTree = "<group>"; };
		9309F34F1E4917B2002F2AB7 /* RoutingHTTPServer.h */ = {isa = PBXFileReference; fileEncoding = 4; lastKnownFileType = sourcecode.c.h; path = RoutingHTTPServer.h; sourceTree = "<group>"; };
		9309F3501E4917B2002F2AB7 /* RoutingHTTPServer.m */ = {isa = PBXFileReference; fileEncoding = 4; lastKnownFileType = sourcecode.c.objc; path = RoutingHTTPServer.m; sourceTree = "<group>"; };
		93320FD51E4EACCB0045C38C /* index.html */ = {isa = PBXFileReference; fileEncoding = 4; lastKnownFileType = text.html; path = index.html; sourceTree = "<group>"; };
		93AE4C681E42C44B00D19E41 /* Fontcase.app */ = {isa = PBXFileReference; explicitFileType = wrapper.application; includeInIndex = 0; path = Fontcase.app; sourceTree = BUILT_PRODUCTS_DIR; };
		93AE4C6C1E42C44B00D19E41 /* main.m */ = {isa = PBXFileReference; lastKnownFileType = sourcecode.c.objc; path = main.m; sourceTree = "<group>"; };
		93AE4C6E1E42C44B00D19E41 /* AppDelegate.h */ = {isa = PBXFileReference; lastKnownFileType = sourcecode.c.h; path = AppDelegate.h; sourceTree = "<group>"; };
		93AE4C6F1E42C44B00D19E41 /* AppDelegate.m */ = {isa = PBXFileReference; lastKnownFileType = sourcecode.c.objc; path = AppDelegate.m; sourceTree = "<group>"; };
		93AE4C711E42C44B00D19E41 /* ViewController.h */ = {isa = PBXFileReference; lastKnownFileType = sourcecode.c.h; path = ViewController.h; sourceTree = "<group>"; };
		93AE4C721E42C44B00D19E41 /* ViewController.m */ = {isa = PBXFileReference; lastKnownFileType = sourcecode.c.objc; path = ViewController.m; sourceTree = "<group>"; };
		93AE4C751E42C44B00D19E41 /* Base */ = {isa = PBXFileReference; lastKnownFileType = file.storyboard; name = Base; path = Base.lproj/Main.storyboard; sourceTree = "<group>"; };
		93AE4C771E42C44B00D19E41 /* Assets.xcassets */ = {isa = PBXFileReference; lastKnownFileType = folder.assetcatalog; path = Assets.xcassets; sourceTree = "<group>"; };
		93AE4C7C1E42C44B00D19E41 /* Info.plist */ = {isa = PBXFileReference; lastKnownFileType = text.plist.xml; path = Info.plist; sourceTree = "<group>"; };
/* End PBXFileReference section */

/* Begin PBXFrameworksBuildPhase section */
		93AE4C651E42C44B00D19E41 /* Frameworks */ = {
			isa = PBXFrameworksBuildPhase;
			buildActionMask = 2147483647;
			files = (
			);
			runOnlyForDeploymentPostprocessing = 0;
		};
/* End PBXFrameworksBuildPhase section */

/* Begin PBXGroup section */
		443576DB2450AF5800669EEB /* MarkdownAttributedString */ = {
			isa = PBXGroup;
			children = (
				443576DC2450AFA200669EEB /* NSAttributedString+Markdown.h */,
				443576DD2450AFA200669EEB /* NSAttributedString+Markdown.m */,
			);
			path = MarkdownAttributedString;
			sourceTree = "<group>";
		};
		44D14CC324843C89007E8BD9 /* Metadata */ = {
			isa = PBXGroup;
			children = (
				44D14CC424843C89007E8BD9 /* Screenshot-6.5 */,
				44D14CC824843C89007E8BD9 /* Screenshot-5.5 */,
				44D14CCC24843C89007E8BD9 /* Screenshot-12.9 */,
			);
			path = Metadata;
			sourceTree = "<group>";
		};
		44D14CC424843C89007E8BD9 /* Screenshot-6.5 */ = {
			isa = PBXGroup;
			children = (
				44D14CC724843C89007E8BD9 /* 1.png */,
				44D14CC524843C89007E8BD9 /* 2.png */,
				44D14CC624843C89007E8BD9 /* 3.png */,
			);
			path = "Screenshot-6.5";
			sourceTree = "<group>";
		};
		44D14CC824843C89007E8BD9 /* Screenshot-5.5 */ = {
			isa = PBXGroup;
			children = (
				44D14CCB24843C89007E8BD9 /* 1.png */,
				44D14CC924843C89007E8BD9 /* 2.png */,
				44D14CCA24843C89007E8BD9 /* 3.png */,
			);
			path = "Screenshot-5.5";
			sourceTree = "<group>";
		};
		44D14CCC24843C89007E8BD9 /* Screenshot-12.9 */ = {
			isa = PBXGroup;
			children = (
				44D14CCF24843C89007E8BD9 /* 1.png */,
				44D14CCD24843C89007E8BD9 /* 2.png */,
				44D14CCE24843C89007E8BD9 /* 3.png */,
			);
			path = "Screenshot-12.9";
			sourceTree = "<group>";
		};
		9309F2F61E4917B1002F2AB7 /* RoutingHTTPServer */ = {
			isa = PBXGroup;
			children = (
				9309F2F71E4917B1002F2AB7 /* CocoaHTTPServer */,
				9309F3431E4917B2002F2AB7 /* HTTPResponseProxy.h */,
				9309F3441E4917B2002F2AB7 /* HTTPResponseProxy.m */,
				9309F3471E4917B2002F2AB7 /* Route.h */,
				9309F3481E4917B2002F2AB7 /* Route.m */,
				9309F3491E4917B2002F2AB7 /* RouteRequest.h */,
				9309F34A1E4917B2002F2AB7 /* RouteRequest.m */,
				9309F34B1E4917B2002F2AB7 /* RouteResponse.h */,
				9309F34C1E4917B2002F2AB7 /* RouteResponse.m */,
				9309F34D1E4917B2002F2AB7 /* RoutingConnection.h */,
				9309F34E1E4917B2002F2AB7 /* RoutingConnection.m */,
				9309F34F1E4917B2002F2AB7 /* RoutingHTTPServer.h */,
				9309F3501E4917B2002F2AB7 /* RoutingHTTPServer.m */,
			);
			path = RoutingHTTPServer;
			sourceTree = "<group>";
		};
		9309F2F71E4917B1002F2AB7 /* CocoaHTTPServer */ = {
			isa = PBXGroup;
			children = (
				9309F2F81E4917B1002F2AB7 /* Core */,
				9309F32C1E4917B2002F2AB7 /* Vendor */,
			);
			path = CocoaHTTPServer;
			sourceTree = "<group>";
		};
		9309F2F81E4917B1002F2AB7 /* Core */ = {
			isa = PBXGroup;
			children = (
				9309F2F91E4917B1002F2AB7 /* Categories */,
				9309F3001E4917B1002F2AB7 /* HTTPAuthenticationRequest.h */,
				9309F3011E4917B1002F2AB7 /* HTTPAuthenticationRequest.m */,
				9309F3021E4917B1002F2AB7 /* HTTPConnection.h */,
				9309F3031E4917B1002F2AB7 /* HTTPConnection.m */,
				9309F3041E4917B1002F2AB7 /* HTTPLogging.h */,
				9309F3051E4917B1002F2AB7 /* HTTPMessage.h */,
				9309F3061E4917B1002F2AB7 /* HTTPMessage.m */,
				9309F3071E4917B1002F2AB7 /* HTTPResponse.h */,
				9309F3081E4917B1002F2AB7 /* HTTPServer.h */,
				9309F3091E4917B1002F2AB7 /* HTTPServer.m */,
				9309F30A1E4917B1002F2AB7 /* Mime */,
				9309F3111E4917B1002F2AB7 /* Responses */,
				9309F31E1E4917B1002F2AB7 /* WebSocket.h */,
				9309F31F1E4917B1002F2AB7 /* WebSocket.m */,
			);
			path = Core;
			sourceTree = "<group>";
		};
		9309F2F91E4917B1002F2AB7 /* Categories */ = {
			isa = PBXGroup;
			children = (
				9309F2FA1E4917B1002F2AB7 /* DDData.h */,
				9309F2FB1E4917B1002F2AB7 /* DDData.m */,
				9309F2FC1E4917B1002F2AB7 /* DDNumber.h */,
				9309F2FD1E4917B1002F2AB7 /* DDNumber.m */,
				9309F2FE1E4917B1002F2AB7 /* DDRange.h */,
				9309F2FF1E4917B1002F2AB7 /* DDRange.m */,
			);
			path = Categories;
			sourceTree = "<group>";
		};
		9309F30A1E4917B1002F2AB7 /* Mime */ = {
			isa = PBXGroup;
			children = (
				9309F30B1E4917B1002F2AB7 /* MultipartFormDataParser.h */,
				9309F30C1E4917B1002F2AB7 /* MultipartFormDataParser.m */,
				9309F30D1E4917B1002F2AB7 /* MultipartMessageHeader.h */,
				9309F30E1E4917B1002F2AB7 /* MultipartMessageHeader.m */,
				9309F30F1E4917B1002F2AB7 /* MultipartMessageHeaderField.h */,
				9309F3101E4917B1002F2AB7 /* MultipartMessageHeaderField.m */,
			);
			path = Mime;
			sourceTree = "<group>";
		};
		9309F3111E4917B1002F2AB7 /* Responses */ = {
			isa = PBXGroup;
			children = (
				9309F3121E4917B1002F2AB7 /* HTTPAsyncFileResponse.h */,
				9309F3131E4917B1002F2AB7 /* HTTPAsyncFileResponse.m */,
				9309F3141E4917B1002F2AB7 /* HTTPDataResponse.h */,
				9309F3151E4917B1002F2AB7 /* HTTPDataResponse.m */,
				9309F3161E4917B1002F2AB7 /* HTTPDynamicFileResponse.h */,
				9309F3171E4917B1002F2AB7 /* HTTPDynamicFileResponse.m */,
				9309F3181E4917B1002F2AB7 /* HTTPErrorResponse.h */,
				9309F3191E4917B1002F2AB7 /* HTTPErrorResponse.m */,
				9309F31A1E4917B1002F2AB7 /* HTTPFileResponse.h */,
				9309F31B1E4917B1002F2AB7 /* HTTPFileResponse.m */,
				9309F31C1E4917B1002F2AB7 /* HTTPRedirectResponse.h */,
				9309F31D1E4917B1002F2AB7 /* HTTPRedirectResponse.m */,
			);
			path = Responses;
			sourceTree = "<group>";
		};
		9309F32C1E4917B2002F2AB7 /* Vendor */ = {
			isa = PBXGroup;
			children = (
				9309F32D1E4917B2002F2AB7 /* CocoaAsyncSocket */,
				9309F3311E4917B2002F2AB7 /* CocoaLumberjack */,
			);
			path = Vendor;
			sourceTree = "<group>";
		};
		9309F32D1E4917B2002F2AB7 /* CocoaAsyncSocket */ = {
			isa = PBXGroup;
			children = (
				9309F32F1E4917B2002F2AB7 /* GCDAsyncSocket.h */,
				9309F3301E4917B2002F2AB7 /* GCDAsyncSocket.m */,
			);
			path = CocoaAsyncSocket;
			sourceTree = "<group>";
		};
		9309F3311E4917B2002F2AB7 /* CocoaLumberjack */ = {
			isa = PBXGroup;
			children = (
				9309F3331E4917B2002F2AB7 /* DDAbstractDatabaseLogger.h */,
				9309F3341E4917B2002F2AB7 /* DDAbstractDatabaseLogger.m */,
				9309F3351E4917B2002F2AB7 /* DDASLLogger.h */,
				9309F3361E4917B2002F2AB7 /* DDASLLogger.m */,
				9309F3371E4917B2002F2AB7 /* DDFileLogger.h */,
				9309F3381E4917B2002F2AB7 /* DDFileLogger.m */,
				9309F3391E4917B2002F2AB7 /* DDLog.h */,
				9309F33A1E4917B2002F2AB7 /* DDLog.m */,
				9309F33B1E4917B2002F2AB7 /* DDTTYLogger.h */,
				9309F33C1E4917B2002F2AB7 /* DDTTYLogger.m */,
				9309F33D1E4917B2002F2AB7 /* Extensions */,
			);
			path = CocoaLumberjack;
			sourceTree = "<group>";
		};
		9309F33D1E4917B2002F2AB7 /* Extensions */ = {
			isa = PBXGroup;
			children = (
				9309F33E1E4917B2002F2AB7 /* ContextFilterLogFormatter.h */,
				9309F33F1E4917B2002F2AB7 /* ContextFilterLogFormatter.m */,
				9309F3401E4917B2002F2AB7 /* DispatchQueueLogFormatter.h */,
				9309F3411E4917B2002F2AB7 /* DispatchQueueLogFormatter.m */,
			);
			path = Extensions;
			sourceTree = "<group>";
		};
		93AE4C5F1E42C44B00D19E41 = {
			isa = PBXGroup;
			children = (
				44D14CC224843725007E8BD9 /* Metadata.txt */,
				44D14CC324843C89007E8BD9 /* Metadata */,
				44DDE6342458CFB200AD7F8F /* README.md */,
				93AE4C6A1E42C44B00D19E41 /* xFonts */,
				93AE4C691E42C44B00D19E41 /* Products */,
			);
			sourceTree = "<group>";
			usesTabs = 1;
		};
		93AE4C691E42C44B00D19E41 /* Products */ = {
			isa = PBXGroup;
			children = (
				93AE4C681E42C44B00D19E41 /* Fontcase.app */,
			);
			name = Products;
			sourceTree = "<group>";
		};
		93AE4C6A1E42C44B00D19E41 /* xFonts */ = {
			isa = PBXGroup;
			children = (
				9309F2F61E4917B1002F2AB7 /* RoutingHTTPServer */,
				443576DB2450AF5800669EEB /* MarkdownAttributedString */,
				93AE4C6E1E42C44B00D19E41 /* AppDelegate.h */,
				93AE4C6F1E42C44B00D19E41 /* AppDelegate.m */,
				443576C0244CC28F00669EEB /* TabBarController.h */,
				443576C1244CC28F00669EEB /* TabBarController.m */,
				44C1221F244A8F3F00DD9481 /* NavigationController.h */,
				44C12220244A8F3F00DD9481 /* NavigationController.m */,
				93AE4C711E42C44B00D19E41 /* ViewController.h */,
				93AE4C721E42C44B00D19E41 /* ViewController.m */,
				443576D02450AA7D00669EEB /* HeaderView.h */,
				443576D12450AA7D00669EEB /* HeaderView.m */,
				44F6282B244B7EE300C8BBD7 /* DetailViewController.h */,
				44F6282C244B7EE300C8BBD7 /* DetailViewController.m */,
				443576C6244CDC3800669EEB /* AboutViewController.h */,
				443576C7244CDC3800669EEB /* AboutViewController.m */,
				443576D32450AE4200669EEB /* HelpViewController.h */,
				443576D42450AE4200669EEB /* HelpViewController.m */,
				449C16812450B1D90070226F /* Help.md */,
				44A20B022447DC4100BF15DA /* FontInfo.h */,
				44A20B032447DC4100BF15DA /* FontInfo.m */,
				93AE4C741E42C44B00D19E41 /* Main.storyboard */,
				44DDE6312457D40100AD7F8F /* Launch Screen.storyboard */,
				93AE4C771E42C44B00D19E41 /* Assets.xcassets */,
				93320FD51E4EACCB0045C38C /* index.html */,
				93AE4C7C1E42C44B00D19E41 /* Info.plist */,
				93AE4C6B1E42C44B00D19E41 /* Supporting Files */,
			);
			path = xFonts;
			sourceTree = "<group>";
		};
		93AE4C6B1E42C44B00D19E41 /* Supporting Files */ = {
			isa = PBXGroup;
			children = (
				93AE4C6C1E42C44B00D19E41 /* main.m */,
			);
			name = "Supporting Files";
			sourceTree = "<group>";
		};
/* End PBXGroup section */

/* Begin PBXNativeTarget section */
		93AE4C671E42C44B00D19E41 /* xFonts */ = {
			isa = PBXNativeTarget;
			buildConfigurationList = 93AE4C7F1E42C44B00D19E41 /* Build configuration list for PBXNativeTarget "xFonts" */;
			buildPhases = (
				93AE4C641E42C44B00D19E41 /* Sources */,
				93AE4C651E42C44B00D19E41 /* Frameworks */,
				9392FDAB1E497CDB00960DE3 /* Export Sketch Assets */,
				93AE4C661E42C44B00D19E41 /* Resources */,
			);
			buildRules = (
			);
			dependencies = (
				443576CF244CDD7800669EEB /* PBXTargetDependency */,
			);
			name = xFonts;
			productName = xFonts;
			productReference = 93AE4C681E42C44B00D19E41 /* Fontcase.app */;
			productType = "com.apple.product-type.application";
		};
/* End PBXNativeTarget section */

/* Begin PBXProject section */
		93AE4C601E42C44B00D19E41 /* Project object */ = {
			isa = PBXProject;
			attributes = {
				LastUpgradeCheck = 0910;
				ORGANIZATIONNAME = manolo;
				TargetAttributes = {
					443576C9244CDD3900669EEB = {
						CreatedOnToolsVersion = 11.2.1;
						ProvisioningStyle = Automatic;
					};
					93AE4C671E42C44B00D19E41 = {
						CreatedOnToolsVersion = 8.2.1;
						DevelopmentTeam = RYQWBTQRPT;
						ProvisioningStyle = Automatic;
					};
				};
			};
			buildConfigurationList = 93AE4C631E42C44B00D19E41 /* Build configuration list for PBXProject "xFonts" */;
			compatibilityVersion = "Xcode 3.2";
			developmentRegion = English;
			hasScannedForEncodings = 0;
			knownRegions = (
				en,
				Base,
				English,
			);
			mainGroup = 93AE4C5F1E42C44B00D19E41;
			productRefGroup = 93AE4C691E42C44B00D19E41 /* Products */;
			projectDirPath = "";
			projectRoot = "";
			targets = (
				93AE4C671E42C44B00D19E41 /* xFonts */,
				443576C9244CDD3900669EEB /* Prepare Release */,
			);
		};
/* End PBXProject section */

/* Begin PBXResourcesBuildPhase section */
		93AE4C661E42C44B00D19E41 /* Resources */ = {
			isa = PBXResourcesBuildPhase;
			buildActionMask = 2147483647;
			files = (
				93320FD61E4EACCC0045C38C /* index.html in Resources */,
				93AE4C781E42C44B00D19E41 /* Assets.xcassets in Resources */,
				93AE4C761E42C44B00D19E41 /* Main.storyboard in Resources */,
				44DDE6332457D40100AD7F8F /* Launch Screen.storyboard in Resources */,
				449C16822450B1D90070226F /* Help.md in Resources */,
			);
			runOnlyForDeploymentPostprocessing = 0;
		};
/* End PBXResourcesBuildPhase section */

/* Begin PBXShellScriptBuildPhase section */
		443576CD244CDD4200669EEB /* Increment Build Number */ = {
			isa = PBXShellScriptBuildPhase;
			buildActionMask = 2147483647;
			files = (
			);
			inputFileListPaths = (
			);
			inputPaths = (
			);
			name = "Increment Build Number";
			outputFileListPaths = (
			);
			outputPaths = (
			);
			runOnlyForDeploymentPostprocessing = 0;
			shellPath = /bin/sh;
			shellScript = "INFO_PLIST=\"$PROJECT_DIR/xFonts/Info.plist\"\n\nCURRENT_VERSION=$(/usr/libexec/PlistBuddy -c \"Print :CFBundleShortVersionString\" \"$INFO_PLIST\")\nCURRENT_BUILD=$(/usr/libexec/PlistBuddy -c \"Print :CFBundleVersion\" \"$INFO_PLIST\")\n\nif [ \"$CONFIGURATION\" == \"Release\" ]; then\n    NEW_BUILD=$(($CURRENT_BUILD + 1))\n\n    echo \"Changing build number from $CURRENT_BUILD to $NEW_BUILD...\"\n    /usr/libexec/PlistBuddy -c \"Set :CFBundleVersion $NEW_BUILD\" \"$INFO_PLIST\"\nelse\n    echo \"Development build number is $CURRENT_BUILD...\"\nfi\n";
		};
		9392FDAB1E497CDB00960DE3 /* Export Sketch Assets */ = {
			isa = PBXShellScriptBuildPhase;
			buildActionMask = 2147483647;
			files = (
			);
			inputPaths = (
			);
			name = "Export Sketch Assets";
			outputPaths = (
			);
			runOnlyForDeploymentPostprocessing = 0;
			shellPath = /bin/sh;
			shellScript = "#sketchtool export artboards \"$PROJECT_DIR\"/\"xFonts/xFonts\\ Icon.sketch\" --output=\"$PROJECT_DIR\"/\"$PROJECT_NAME\"/Images.xcassets/AppIcon.appiconset --formats=\"png\"";
		};
/* End PBXShellScriptBuildPhase section */

/* Begin PBXSourcesBuildPhase section */
		93AE4C641E42C44B00D19E41 /* Sources */ = {
			isa = PBXSourcesBuildPhase;
			buildActionMask = 2147483647;
			files = (
				9309F36E1E4917B2002F2AB7 /* DDLog.m in Sources */,
				9309F3601E4917B2002F2AB7 /* HTTPRedirectResponse.m in Sources */,
				9309F3611E4917B2002F2AB7 /* WebSocket.m in Sources */,
				443576C2244CC28F00669EEB /* TabBarController.m in Sources */,
				93AE4C731E42C44B00D19E41 /* ViewController.m in Sources */,
				9309F36B1E4917B2002F2AB7 /* DDAbstractDatabaseLogger.m in Sources */,
				9309F35A1E4917B2002F2AB7 /* MultipartMessageHeaderField.m in Sources */,
				9309F3781E4917B2002F2AB7 /* RouteResponse.m in Sources */,
				443576DE2450AFA200669EEB /* NSAttributedString+Markdown.m in Sources */,
				9309F3561E4917B2002F2AB7 /* HTTPMessage.m in Sources */,
				9309F35B1E4917B2002F2AB7 /* HTTPAsyncFileResponse.m in Sources */,
				44A20B042447DC4100BF15DA /* FontInfo.m in Sources */,
				443576D22450AA7D00669EEB /* HeaderView.m in Sources */,
				9309F35F1E4917B2002F2AB7 /* HTTPFileResponse.m in Sources */,
				9309F3731E4917B2002F2AB7 /* HTTPResponseProxy.m in Sources */,
				9309F36C1E4917B2002F2AB7 /* DDASLLogger.m in Sources */,
				9309F3581E4917B2002F2AB7 /* MultipartFormDataParser.m in Sources */,
				9309F3591E4917B2002F2AB7 /* MultipartMessageHeader.m in Sources */,
				9309F3511E4917B2002F2AB7 /* DDData.m in Sources */,
				9309F3691E4917B2002F2AB7 /* GCDAsyncSocket.m in Sources */,
				9309F37A1E4917B2002F2AB7 /* RoutingHTTPServer.m in Sources */,
				93AE4C701E42C44B00D19E41 /* AppDelegate.m in Sources */,
				9309F3761E4917B2002F2AB7 /* Route.m in Sources */,
				9309F3711E4917B2002F2AB7 /* DispatchQueueLogFormatter.m in Sources */,
				44C12221244A8F3F00DD9481 /* NavigationController.m in Sources */,
				9309F35E1E4917B2002F2AB7 /* HTTPErrorResponse.m in Sources */,
				443576D52450AE4200669EEB /* HelpViewController.m in Sources */,
				443576C8244CDC3800669EEB /* AboutViewController.m in Sources */,
				9309F35D1E4917B2002F2AB7 /* HTTPDynamicFileResponse.m in Sources */,
				9309F35C1E4917B2002F2AB7 /* HTTPDataResponse.m in Sources */,
				44F6282D244B7EE300C8BBD7 /* DetailViewController.m in Sources */,
				9309F3701E4917B2002F2AB7 /* ContextFilterLogFormatter.m in Sources */,
				9309F3571E4917B2002F2AB7 /* HTTPServer.m in Sources */,
				9309F3551E4917B2002F2AB7 /* HTTPConnection.m in Sources */,
				9309F3541E4917B2002F2AB7 /* HTTPAuthenticationRequest.m in Sources */,
				9309F3791E4917B2002F2AB7 /* RoutingConnection.m in Sources */,
				9309F3771E4917B2002F2AB7 /* RouteRequest.m in Sources */,
				9309F36D1E4917B2002F2AB7 /* DDFileLogger.m in Sources */,
				9309F3531E4917B2002F2AB7 /* DDRange.m in Sources */,
				9309F36F1E4917B2002F2AB7 /* DDTTYLogger.m in Sources */,
				9309F3521E4917B2002F2AB7 /* DDNumber.m in Sources */,
				93AE4C6D1E42C44B00D19E41 /* main.m in Sources */,
			);
			runOnlyForDeploymentPostprocessing = 0;
		};
/* End PBXSourcesBuildPhase section */

/* Begin PBXTargetDependency section */
		443576CF244CDD7800669EEB /* PBXTargetDependency */ = {
			isa = PBXTargetDependency;
			target = 443576C9244CDD3900669EEB /* Prepare Release */;
			targetProxy = 443576CE244CDD7800669EEB /* PBXContainerItemProxy */;
		};
/* End PBXTargetDependency section */

/* Begin PBXVariantGroup section */
		44DDE6312457D40100AD7F8F /* Launch Screen.storyboard */ = {
			isa = PBXVariantGroup;
			children = (
				44DDE6322457D40100AD7F8F /* Base */,
			);
			name = "Launch Screen.storyboard";
			sourceTree = "<group>";
		};
		93AE4C741E42C44B00D19E41 /* Main.storyboard */ = {
			isa = PBXVariantGroup;
			children = (
				93AE4C751E42C44B00D19E41 /* Base */,
			);
			name = Main.storyboard;
			sourceTree = "<group>";
		};
/* End PBXVariantGroup section */

/* Begin XCBuildConfiguration section */
		443576CB244CDD3900669EEB /* Debug */ = {
			isa = XCBuildConfiguration;
			buildSettings = {
				CODE_SIGN_STYLE = Automatic;
				PRODUCT_NAME = "$(TARGET_NAME)";
			};
			name = Debug;
		};
		443576CC244CDD3900669EEB /* Release */ = {
			isa = XCBuildConfiguration;
			buildSettings = {
				CODE_SIGN_STYLE = Automatic;
				PRODUCT_NAME = "$(TARGET_NAME)";
			};
			name = Release;
		};
		93AE4C7D1E42C44B00D19E41 /* Debug */ = {
			isa = XCBuildConfiguration;
			buildSettings = {
				ALWAYS_SEARCH_USER_PATHS = NO;
				CLANG_ANALYZER_LOCALIZABILITY_NONLOCALIZED = YES;
				CLANG_ANALYZER_NONNULL = YES;
				CLANG_CXX_LANGUAGE_STANDARD = "gnu++0x";
				CLANG_CXX_LIBRARY = "libc++";
				CLANG_ENABLE_MODULES = YES;
				CLANG_ENABLE_OBJC_ARC = YES;
				CLANG_WARN_BLOCK_CAPTURE_AUTORELEASING = YES;
				CLANG_WARN_BOOL_CONVERSION = YES;
				CLANG_WARN_COMMA = YES;
				CLANG_WARN_CONSTANT_CONVERSION = YES;
				CLANG_WARN_DIRECT_OBJC_ISA_USAGE = YES_ERROR;
				CLANG_WARN_DOCUMENTATION_COMMENTS = YES;
				CLANG_WARN_EMPTY_BODY = YES;
				CLANG_WARN_ENUM_CONVERSION = YES;
				CLANG_WARN_INFINITE_RECURSION = YES;
				CLANG_WARN_INT_CONVERSION = YES;
				CLANG_WARN_NON_LITERAL_NULL_CONVERSION = YES;
				CLANG_WARN_OBJC_LITERAL_CONVERSION = YES;
				CLANG_WARN_OBJC_ROOT_CLASS = YES_ERROR;
				CLANG_WARN_RANGE_LOOP_ANALYSIS = YES;
				CLANG_WARN_STRICT_PROTOTYPES = YES;
				CLANG_WARN_SUSPICIOUS_MOVE = YES;
				CLANG_WARN_UNREACHABLE_CODE = YES;
				CLANG_WARN__DUPLICATE_METHOD_MATCH = YES;
				"CODE_SIGN_IDENTITY[sdk=iphoneos*]" = "iPhone Developer";
				COPY_PHASE_STRIP = NO;
				DEBUG_INFORMATION_FORMAT = dwarf;
				ENABLE_STRICT_OBJC_MSGSEND = YES;
				ENABLE_TESTABILITY = YES;
				GCC_C_LANGUAGE_STANDARD = gnu99;
				GCC_DYNAMIC_NO_PIC = NO;
				GCC_NO_COMMON_BLOCKS = YES;
				GCC_OPTIMIZATION_LEVEL = 0;
				GCC_PREPROCESSOR_DEFINITIONS = (
					"DEBUG=1",
					"$(inherited)",
				);
				GCC_WARN_64_TO_32_BIT_CONVERSION = YES;
				GCC_WARN_ABOUT_RETURN_TYPE = YES_ERROR;
				GCC_WARN_UNDECLARED_SELECTOR = YES;
				GCC_WARN_UNINITIALIZED_AUTOS = YES_AGGRESSIVE;
				GCC_WARN_UNUSED_FUNCTION = YES;
				GCC_WARN_UNUSED_VARIABLE = YES;
				IPHONEOS_DEPLOYMENT_TARGET = 10.2;
				MTL_ENABLE_DEBUG_INFO = YES;
				ONLY_ACTIVE_ARCH = YES;
				SDKROOT = iphoneos;
			};
			name = Debug;
		};
		93AE4C7E1E42C44B00D19E41 /* Release */ = {
			isa = XCBuildConfiguration;
			buildSettings = {
				ALWAYS_SEARCH_USER_PATHS = NO;
				CLANG_ANALYZER_LOCALIZABILITY_NONLOCALIZED = YES;
				CLANG_ANALYZER_NONNULL = YES;
				CLANG_CXX_LANGUAGE_STANDARD = "gnu++0x";
				CLANG_CXX_LIBRARY = "libc++";
				CLANG_ENABLE_MODULES = YES;
				CLANG_ENABLE_OBJC_ARC = YES;
				CLANG_WARN_BLOCK_CAPTURE_AUTORELEASING = YES;
				CLANG_WARN_BOOL_CONVERSION = YES;
				CLANG_WARN_COMMA = YES;
				CLANG_WARN_CONSTANT_CONVERSION = YES;
				CLANG_WARN_DIRECT_OBJC_ISA_USAGE = YES_ERROR;
				CLANG_WARN_DOCUMENTATION_COMMENTS = YES;
				CLANG_WARN_EMPTY_BODY = YES;
				CLANG_WARN_ENUM_CONVERSION = YES;
				CLANG_WARN_INFINITE_RECURSION = YES;
				CLANG_WARN_INT_CONVERSION = YES;
				CLANG_WARN_NON_LITERAL_NULL_CONVERSION = YES;
				CLANG_WARN_OBJC_LITERAL_CONVERSION = YES;
				CLANG_WARN_OBJC_ROOT_CLASS = YES_ERROR;
				CLANG_WARN_RANGE_LOOP_ANALYSIS = YES;
				CLANG_WARN_STRICT_PROTOTYPES = YES;
				CLANG_WARN_SUSPICIOUS_MOVE = YES;
				CLANG_WARN_UNREACHABLE_CODE = YES;
				CLANG_WARN__DUPLICATE_METHOD_MATCH = YES;
				"CODE_SIGN_IDENTITY[sdk=iphoneos*]" = "iPhone Developer";
				COPY_PHASE_STRIP = NO;
				DEBUG_INFORMATION_FORMAT = "dwarf-with-dsym";
				ENABLE_NS_ASSERTIONS = NO;
				ENABLE_STRICT_OBJC_MSGSEND = YES;
				GCC_C_LANGUAGE_STANDARD = gnu99;
				GCC_NO_COMMON_BLOCKS = YES;
				GCC_WARN_64_TO_32_BIT_CONVERSION = YES;
				GCC_WARN_ABOUT_RETURN_TYPE = YES_ERROR;
				GCC_WARN_UNDECLARED_SELECTOR = YES;
				GCC_WARN_UNINITIALIZED_AUTOS = YES_AGGRESSIVE;
				GCC_WARN_UNUSED_FUNCTION = YES;
				GCC_WARN_UNUSED_VARIABLE = YES;
				IPHONEOS_DEPLOYMENT_TARGET = 10.2;
				MTL_ENABLE_DEBUG_INFO = NO;
				SDKROOT = iphoneos;
				VALIDATE_PRODUCT = YES;
			};
			name = Release;
		};
		93AE4C801E42C44B00D19E41 /* Debug */ = {
			isa = XCBuildConfiguration;
			buildSettings = {
				ASSETCATALOG_COMPILER_APPICON_NAME = AppIcon;
				CODE_SIGN_IDENTITY = "iPhone Developer";
				DEVELOPMENT_TEAM = RYQWBTQRPT;
				INFOPLIST_FILE = xFonts/Info.plist;
				IPHONEOS_DEPLOYMENT_TARGET = 13.0;
				LD_RUNPATH_SEARCH_PATHS = "$(inherited) @executable_path/Frameworks";
				MARKETING_VERSION = 2.0;
				PRODUCT_BUNDLE_IDENTIFIER = com.iconfactory.xFonts;
				PRODUCT_NAME = Fontcase;
				TARGETED_DEVICE_FAMILY = "1,2";
			};
			name = Debug;
		};
		93AE4C811E42C44B00D19E41 /* Release */ = {
			isa = XCBuildConfiguration;
			buildSettings = {
				ASSETCATALOG_COMPILER_APPICON_NAME = AppIcon;
				CODE_SIGN_IDENTITY = "iPhone Developer";
				DEVELOPMENT_TEAM = RYQWBTQRPT;
				INFOPLIST_FILE = xFonts/Info.plist;
				IPHONEOS_DEPLOYMENT_TARGET = 13.0;
				LD_RUNPATH_SEARCH_PATHS = "$(inherited) @executable_path/Frameworks";
				MARKETING_VERSION = 2.0;
				PRODUCT_BUNDLE_IDENTIFIER = com.iconfactory.xFonts;
				PRODUCT_NAME = Fontcase;
				TARGETED_DEVICE_FAMILY = "1,2";
			};
			name = Release;
		};
/* End XCBuildConfiguration section */

/* Begin XCConfigurationList section */
		443576CA244CDD3900669EEB /* Build configuration list for PBXAggregateTarget "Prepare Release" */ = {
			isa = XCConfigurationList;
			buildConfigurations = (
				443576CB244CDD3900669EEB /* Debug */,
				443576CC244CDD3900669EEB /* Release */,
			);
			defaultConfigurationIsVisible = 0;
			defaultConfigurationName = Release;
		};
		93AE4C631E42C44B00D19E41 /* Build configuration list for PBXProject "xFonts" */ = {
			isa = XCConfigurationList;
			buildConfigurations = (
				93AE4C7D1E42C44B00D19E41 /* Debug */,
				93AE4C7E1E42C44B00D19E41 /* Release */,
			);
			defaultConfigurationIsVisible = 0;
			defaultConfigurationName = Release;
		};
		93AE4C7F1E42C44B00D19E41 /* Build configuration list for PBXNativeTarget "xFonts" */ = {
			isa = XCConfigurationList;
			buildConfigurations = (
				93AE4C801E42C44B00D19E41 /* Debug */,
				93AE4C811E42C44B00D19E41 /* Release */,
			);
			defaultConfigurationIsVisible = 0;
			defaultConfigurationName = Release;
		};
/* End XCConfigurationList section */
	};
	rootObject = 93AE4C601E42C44B00D19E41 /* Project object */;
}
